
Microsoft Visual Studio Solution File, Format Version 12.00
# Visual Studio Version 17
VisualStudioVersion = 17.0.31903.59
MinimumVisualStudioVersion = 10.0.40219.1
Project("{2150E333-8FDC-42A3-9474-1A3956D46DE8}") = "src", "src", "{827E0CD3-B72D-47B6-A68D-7590B98EB39B}"
EndProject
Project("{FAE04EC0-301F-11D3-BF4B-00C04F79EFBC}") = "NAVIGEST.Shared", "src\NAVIGEST.Shared\NAVIGEST.Shared.csproj", "{E47B23D1-A19B-4472-AB1A-449E0FBEA5D9}"
EndProject
Project("{FAE04EC0-301F-11D3-BF4B-00C04F79EFBC}") = "NAVIGEST.iOS", "src\NAVIGEST.iOS\NAVIGEST.iOS.csproj", "{98E9BFB7-1914-4C40-9B75-EEAE0FA71599}"
EndProject
Project("{FAE04EC0-301F-11D3-BF4B-00C04F79EFBC}") = "NAVIGEST.macOS", "src\NAVIGEST.macOS\NAVIGEST.macOS.csproj", "{A09254BD-8500-4AAC-A302-F13A671FB522}"
EndProject
Project("{FAE04EC0-301F-11D3-BF4B-00C04F79EFBC}") = "NAVIGEST.Android", "src\NAVIGEST.Android\NAVIGEST.Android.csproj", "{85414374-3C13-4EA0-AD75-A684C8532ADA}"
EndProject
Global
	GlobalSection(SolutionConfigurationPlatforms) = preSolution
		Debug|Any CPU = Debug|Any CPU
		Debug|x64 = Debug|x64
		Debug|x86 = Debug|x86
		Release|Any CPU = Release|Any CPU
		Release|x64 = Release|x64
		Release|x86 = Release|x86
	EndGlobalSection
	GlobalSection(ProjectConfigurationPlatforms) = postSolution
		{E47B23D1-A19B-4472-AB1A-449E0FBEA5D9}.Debug|Any CPU.ActiveCfg = Debug|Any CPU
		{E47B23D1-A19B-4472-AB1A-449E0FBEA5D9}.Debug|Any CPU.Build.0 = Debug|Any CPU
		{E47B23D1-A19B-4472-AB1A-449E0FBEA5D9}.Debug|x64.ActiveCfg = Debug|Any CPU
		{E47B23D1-A19B-4472-AB1A-449E0FBEA5D9}.Debug|x64.Build.0 = Debug|Any CPU
		{E47B23D1-A19B-4472-AB1A-449E0FBEA5D9}.Debug|x86.ActiveCfg = Debug|Any CPU
		{E47B23D1-A19B-4472-AB1A-449E0FBEA5D9}.Debug|x86.Build.0 = Debug|Any CPU
		{E47B23D1-A19B-4472-AB1A-449E0FBEA5D9}.Release|Any CPU.ActiveCfg = Release|Any CPU
		{E47B23D1-A19B-4472-AB1A-449E0FBEA5D9}.Release|Any CPU.Build.0 = Release|Any CPU
		{E47B23D1-A19B-4472-AB1A-449E0FBEA5D9}.Release|x64.ActiveCfg = Release|Any CPU
		{E47B23D1-A19B-4472-AB1A-449E0FBEA5D9}.Release|x64.Build.0 = Release|Any CPU
		{E47B23D1-A19B-4472-AB1A-449E0FBEA5D9}.Release|x86.ActiveCfg = Release|Any CPU
		{E47B23D1-A19B-4472-AB1A-449E0FBEA5D9}.Release|x86.Build.0 = Release|Any CPU
		{98E9BFB7-1914-4C40-9B75-EEAE0FA71599}.Debug|Any CPU.ActiveCfg = Debug|Any CPU
		{98E9BFB7-1914-4C40-9B75-EEAE0FA71599}.Debug|Any CPU.Build.0 = Debug|Any CPU
		{98E9BFB7-1914-4C40-9B75-EEAE0FA71599}.Debug|x64.ActiveCfg = Debug|Any CPU
		{98E9BFB7-1914-4C40-9B75-EEAE0FA71599}.Debug|x64.Build.0 = Debug|Any CPU
		{98E9BFB7-1914-4C40-9B75-EEAE0FA71599}.Debug|x86.ActiveCfg = Debug|Any CPU
		{98E9BFB7-1914-4C40-9B75-EEAE0FA71599}.Debug|x86.Build.0 = Debug|Any CPU
		{98E9BFB7-1914-4C40-9B75-EEAE0FA71599}.Release|Any CPU.ActiveCfg = Release|Any CPU
		{98E9BFB7-1914-4C40-9B75-EEAE0FA71599}.Release|Any CPU.Build.0 = Release|Any CPU
		{98E9BFB7-1914-4C40-9B75-EEAE0FA71599}.Release|x64.ActiveCfg = Release|Any CPU
		{98E9BFB7-1914-4C40-9B75-EEAE0FA71599}.Release|x64.Build.0 = Release|Any CPU
		{98E9BFB7-1914-4C40-9B75-EEAE0FA71599}.Release|x86.ActiveCfg = Release|Any CPU
		{98E9BFB7-1914-4C40-9B75-EEAE0FA71599}.Release|x86.Build.0 = Release|Any CPU
		{A09254BD-8500-4AAC-A302-F13A671FB522}.Debug|Any CPU.ActiveCfg = Debug|Any CPU
		{A09254BD-8500-4AAC-A302-F13A671FB522}.Debug|Any CPU.Build.0 = Debug|Any CPU
		{A09254BD-8500-4AAC-A302-F13A671FB522}.Debug|x64.ActiveCfg = Debug|Any CPU
		{A09254BD-8500-4AAC-A302-F13A671FB522}.Debug|x64.Build.0 = Debug|Any CPU
		{A09254BD-8500-4AAC-A302-F13A671FB522}.Debug|x86.ActiveCfg = Debug|Any CPU
		{A09254BD-8500-4AAC-A302-F13A671FB522}.Debug|x86.Build.0 = Debug|Any CPU
		{A09254BD-8500-4AAC-A302-F13A671FB522}.Release|Any CPU.ActiveCfg = Release|Any CPU
		{A09254BD-8500-4AAC-A302-F13A671FB522}.Release|Any CPU.Build.0 = Release|Any CPU
		{A09254BD-8500-4AAC-A302-F13A671FB522}.Release|x64.ActiveCfg = Release|Any CPU
		{A09254BD-8500-4AAC-A302-F13A671FB522}.Release|x64.Build.0 = Release|Any CPU
		{A09254BD-8500-4AAC-A302-F13A671FB522}.Release|x86.ActiveCfg = Release|Any CPU
		{A09254BD-8500-4AAC-A302-F13A671FB522}.Release|x86.Build.0 = Release|Any CPU
		{85414374-3C13-4EA0-AD75-A684C8532ADA}.Debug|Any CPU.ActiveCfg = Debug|Any CPU
		{85414374-3C13-4EA0-AD75-A684C8532ADA}.Debug|Any CPU.Build.0 = Debug|Any CPU
		{85414374-3C13-4EA0-AD75-A684C8532ADA}.Debug|x64.ActiveCfg = Debug|Any CPU
		{85414374-3C13-4EA0-AD75-A684C8532ADA}.Debug|x64.Build.0 = Debug|Any CPU
		{85414374-3C13-4EA0-AD75-A684C8532ADA}.Debug|x86.ActiveCfg = Debug|Any CPU
		{85414374-3C13-4EA0-AD75-A684C8532ADA}.Debug|x86.Build.0 = Debug|Any CPU
		{85414374-3C13-4EA0-AD75-A684C8532ADA}.Release|Any CPU.ActiveCfg = Release|Any CPU
		{85414374-3C13-4EA0-AD75-A684C8532ADA}.Release|Any CPU.Build.0 = Release|Any CPU
		{85414374-3C13-4EA0-AD75-A684C8532ADA}.Release|x64.ActiveCfg = Release|Any CPU
		{85414374-3C13-4EA0-AD75-A684C8532ADA}.Release|x64.Build.0 = Release|Any CPU
		{85414374-3C13-4EA0-AD75-A684C8532ADA}.Release|x86.ActiveCfg = Release|Any CPU
		{85414374-3C13-4EA0-AD75-A684C8532ADA}.Release|x86.Build.0 = Release|Any CPU
	EndGlobalSection
	GlobalSection(SolutionProperties) = preSolution
		HideSolutionNode = FALSE
	EndGlobalSection
	GlobalSection(NestedProjects) = preSolution
		{E47B23D1-A19B-4472-AB1A-449E0FBEA5D9} = {827E0CD3-B72D-47B6-A68D-7590B98EB39B}
		{98E9BFB7-1914-4C40-9B75-EEAE0FA71599} = {827E0CD3-B72D-47B6-A68D-7590B98EB39B}
		{A09254BD-8500-4AAC-A302-F13A671FB522} = {827E0CD3-B72D-47B6-A68D-7590B98EB39B}
		{85414374-3C13-4EA0-AD75-A684C8532ADA} = {827E0CD3-B72D-47B6-A68D-7590B98EB39B}
	EndGlobalSection
EndGlobal
